
Microsoft Visual Studio Solution File, Format Version 12.00
# Visual Studio Version 17
VisualStudioVersion = 17.0.31903.59
MinimumVisualStudioVersion = 10.0.40219.1
Project("{FAE04EC0-301F-11D3-BF4B-00C04F79EFBC}") = "WebApplication-dotnet-poc", "WebApplication-dotnet-poc\WebApplication-dotnet-poc.csproj", "{5042E3B8-8FD1-4BEE-958E-7E0FB7B9E1B7}"
EndProject
Project("{FAE04EC0-301F-11D3-BF4B-00C04F79EFBC}") = "console-poc", "console-poc\console-poc.csproj", "{8590284B-4B85-414C-8618-0CBA067CE379}"
EndProject
Project("{FAE04EC0-301F-11D3-BF4B-00C04F79EFBC}") = "NotesMinimalAPI", "NotesMinimalAPI\NotesMinimalAPI.csproj", "{0BDD7F79-B89C-455A-B023-1C631EB16229}"
EndProject
Global
	GlobalSection(SolutionConfigurationPlatforms) = preSolution
		Debug|Any CPU = Debug|Any CPU
		Release|Any CPU = Release|Any CPU
	EndGlobalSection
	GlobalSection(ProjectConfigurationPlatforms) = postSolution
		{5042E3B8-8FD1-4BEE-958E-7E0FB7B9E1B7}.Debug|Any CPU.ActiveCfg = Debug|Any CPU
		{5042E3B8-8FD1-4BEE-958E-7E0FB7B9E1B7}.Debug|Any CPU.Build.0 = Debug|Any CPU
		{5042E3B8-8FD1-4BEE-958E-7E0FB7B9E1B7}.Release|Any CPU.ActiveCfg = Release|Any CPU
		{5042E3B8-8FD1-4BEE-958E-7E0FB7B9E1B7}.Release|Any CPU.Build.0 = Release|Any CPU
		{8590284B-4B85-414C-8618-0CBA067CE379}.Debug|Any CPU.ActiveCfg = Debug|Any CPU
		{8590284B-4B85-414C-8618-0CBA067CE379}.Debug|Any CPU.Build.0 = Debug|Any CPU
		{8590284B-4B85-414C-8618-0CBA067CE379}.Release|Any CPU.ActiveCfg = Release|Any CPU
		{8590284B-4B85-414C-8618-0CBA067CE379}.Release|Any CPU.Build.0 = Release|Any CPU
		{0BDD7F79-B89C-455A-B023-1C631EB16229}.Debug|Any CPU.ActiveCfg = Debug|Any CPU
		{0BDD7F79-B89C-455A-B023-1C631EB16229}.Debug|Any CPU.Build.0 = Debug|Any CPU
		{0BDD7F79-B89C-455A-B023-1C631EB16229}.Release|Any CPU.ActiveCfg = Release|Any CPU
		{0BDD7F79-B89C-455A-B023-1C631EB16229}.Release|Any CPU.Build.0 = Release|Any CPU
	EndGlobalSection
	GlobalSection(SolutionProperties) = preSolution
		HideSolutionNode = FALSE
	EndGlobalSection
EndGlobal
